PODS:
  - QXYYCache (1.0.4)
  - QXYYImage (1.0.5):
    - QXYYImage/Core (= 1.0.5)
  - QXYYImage/Core (1.0.5)

DEPENDENCIES:
  - QXYYCache
  - QXYYImage

SPEC REPOS:
  trunk:
    - QXYYCache
    - QXYYImage

SPEC CHECKSUMS:
  QXYYCache: a3095bbf15a455d0e8349dc439d36c2dcb96156e
  QXYYImage: c7a2742c99827d32ccb7b23b8a6c61335bc99db6

PODFILE CHECKSUM: d3f8fddf38fb43a2a5ccbe3d56bd8769fa753934

COCOAPODS: 1.11.2
